
Microsoft Visual Studio Solution File, Format Version 12.00
# Visual Studio 2013
VisualStudioVersion = 12.0.40629.0
MinimumVisualStudioVersion = 10.0.40219.1
Project("{FAE04EC0-301F-11D3-BF4B-00C04F79EFBC}") = "DBPSim.Test", "DBPSim.Test\DBPSim.Test.csproj", "{4FEA1A09-35CD-4C44-B89C-48E633C99001}"
	ProjectSection(ProjectDependencies) = postProject
		{E6E7A70B-4DCD-4EB4-B659-2E475A7C97BB} = {E6E7A70B-4DCD-4EB4-B659-2E475A7C97BB}
		{03A35BE3-A0B0-488B-9126-88426033C5BB} = {03A35BE3-A0B0-488B-9126-88426033C5BB}
	EndProjectSection
EndProject
Project("{FAE04EC0-301F-11D3-BF4B-00C04F79EFBC}") = "DBPSim.Model", "DBPSim.Model\DBPSim.Model.csproj", "{E6E7A70B-4DCD-4EB4-B659-2E475A7C97BB}"
EndProject
Project("{FAE04EC0-301F-11D3-BF4B-00C04F79EFBC}") = "DBPSim.SimulationGUI", "DBPSim.SimulationGUI\DBPSim.SimulationGUI.csproj", "{BE188E69-9B24-4E22-BFAF-109CA1434172}"
	ProjectSection(ProjectDependencies) = postProject
		{03A35BE3-A0B0-488B-9126-88426033C5BB} = {03A35BE3-A0B0-488B-9126-88426033C5BB}
	EndProjectSection
EndProject
Project("{FAE04EC0-301F-11D3-BF4B-00C04F79EFBC}") = "DBPSim.Events", "DBPSim.Events\DBPSim.Events.csproj", "{55F9EE93-85BD-4D7A-B689-DA244176E175}"
EndProject
Project("{FAE04EC0-301F-11D3-BF4B-00C04F79EFBC}") = "DBPSim.RuleEngine", "DBPSim.RuleEngine\DBPSim.RuleEngine.csproj", "{03A35BE3-A0B0-488B-9126-88426033C5BB}"
EndProject
Project("{FAE04EC0-301F-11D3-BF4B-00C04F79EFBC}") = "TreeContainer", "TreeContainer\TreeContainer.csproj", "{88B86170-EC9F-4ACF-B96E-0F97C28F57BA}"
EndProject
Project("{00D1A9C2-B5F0-4AF3-8072-F6C62B433612}") = "ResourceDB", "ResourceDB\ResourceDB.sqlproj", "{19759668-2E1C-4A1F-9FAA-2A0EE1D47699}"
EndProject
Project("{FAE04EC0-301F-11D3-BF4B-00C04F79EFBC}") = "DBPSim.Resources", "DBPSim.Resources\DBPSim.Resources.csproj", "{9E17AA13-7BEA-401C-8C16-CB3DF7FAB67A}"
EndProject
Project("{FAE04EC0-301F-11D3-BF4B-00C04F79EFBC}") = "BBNGs", "BBNGs\BBNGs.csproj", "{2EA7A158-BD18-4C57-8436-76BEB55CD04D}"
EndProject
Project("{FAE04EC0-301F-11D3-BF4B-00C04F79EFBC}") = "AuxiliaryTasks", "AuxiliaryTasks\AuxiliaryTasks.csproj", "{87195604-F420-4026-8B8B-3D4A8CD6B63D}"
EndProject
Project("{F184B08F-C81C-45F6-A57F-5ABD9991F28F}") = "Testing", "Testing\Testing.vbproj", "{BB4733AE-D164-4CE5-AB7C-C5FC01319A03}"
EndProject
Global
	GlobalSection(SolutionConfigurationPlatforms) = preSolution
		CD_ROM|Any CPU = CD_ROM|Any CPU
		Debug|Any CPU = Debug|Any CPU
		DVD-5|Any CPU = DVD-5|Any CPU
		Release|Any CPU = Release|Any CPU
		SingleImage|Any CPU = SingleImage|Any CPU
	EndGlobalSection
	GlobalSection(ProjectConfigurationPlatforms) = postSolution
		{4FEA1A09-35CD-4C44-B89C-48E633C99001}.CD_ROM|Any CPU.ActiveCfg = Release|Any CPU
		{4FEA1A09-35CD-4C44-B89C-48E633C99001}.CD_ROM|Any CPU.Build.0 = Release|Any CPU
		{4FEA1A09-35CD-4C44-B89C-48E633C99001}.Debug|Any CPU.ActiveCfg = Debug|Any CPU
		{4FEA1A09-35CD-4C44-B89C-48E633C99001}.Debug|Any CPU.Build.0 = Debug|Any CPU
		{4FEA1A09-35CD-4C44-B89C-48E633C99001}.DVD-5|Any CPU.ActiveCfg = Debug|Any CPU
		{4FEA1A09-35CD-4C44-B89C-48E633C99001}.DVD-5|Any CPU.Build.0 = Debug|Any CPU
		{4FEA1A09-35CD-4C44-B89C-48E633C99001}.Release|Any CPU.ActiveCfg = Release|Any CPU
		{4FEA1A09-35CD-4C44-B89C-48E633C99001}.Release|Any CPU.Build.0 = Release|Any CPU
		{4FEA1A09-35CD-4C44-B89C-48E633C99001}.SingleImage|Any CPU.ActiveCfg = Release|Any CPU
		{4FEA1A09-35CD-4C44-B89C-48E633C99001}.SingleImage|Any CPU.Build.0 = Release|Any CPU
		{E6E7A70B-4DCD-4EB4-B659-2E475A7C97BB}.CD_ROM|Any CPU.ActiveCfg = Release|Any CPU
		{E6E7A70B-4DCD-4EB4-B659-2E475A7C97BB}.CD_ROM|Any CPU.Build.0 = Release|Any CPU
		{E6E7A70B-4DCD-4EB4-B659-2E475A7C97BB}.Debug|Any CPU.ActiveCfg = Debug|Any CPU
		{E6E7A70B-4DCD-4EB4-B659-2E475A7C97BB}.Debug|Any CPU.Build.0 = Debug|Any CPU
		{E6E7A70B-4DCD-4EB4-B659-2E475A7C97BB}.DVD-5|Any CPU.ActiveCfg = Debug|Any CPU
		{E6E7A70B-4DCD-4EB4-B659-2E475A7C97BB}.DVD-5|Any CPU.Build.0 = Debug|Any CPU
		{E6E7A70B-4DCD-4EB4-B659-2E475A7C97BB}.Release|Any CPU.ActiveCfg = Release|Any CPU
		{E6E7A70B-4DCD-4EB4-B659-2E475A7C97BB}.Release|Any CPU.Build.0 = Release|Any CPU
		{E6E7A70B-4DCD-4EB4-B659-2E475A7C97BB}.SingleImage|Any CPU.ActiveCfg = Release|Any CPU
		{E6E7A70B-4DCD-4EB4-B659-2E475A7C97BB}.SingleImage|Any CPU.Build.0 = Release|Any CPU
		{BE188E69-9B24-4E22-BFAF-109CA1434172}.CD_ROM|Any CPU.ActiveCfg = Release|Any CPU
		{BE188E69-9B24-4E22-BFAF-109CA1434172}.CD_ROM|Any CPU.Build.0 = Release|Any CPU
		{BE188E69-9B24-4E22-BFAF-109CA1434172}.Debug|Any CPU.ActiveCfg = Debug|Any CPU
		{BE188E69-9B24-4E22-BFAF-109CA1434172}.Debug|Any CPU.Build.0 = Debug|Any CPU
		{BE188E69-9B24-4E22-BFAF-109CA1434172}.DVD-5|Any CPU.ActiveCfg = Debug|Any CPU
		{BE188E69-9B24-4E22-BFAF-109CA1434172}.DVD-5|Any CPU.Build.0 = Debug|Any CPU
		{BE188E69-9B24-4E22-BFAF-109CA1434172}.Release|Any CPU.ActiveCfg = Release|Any CPU
		{BE188E69-9B24-4E22-BFAF-109CA1434172}.Release|Any CPU.Build.0 = Release|Any CPU
		{BE188E69-9B24-4E22-BFAF-109CA1434172}.SingleImage|Any CPU.ActiveCfg = Release|Any CPU
		{BE188E69-9B24-4E22-BFAF-109CA1434172}.SingleImage|Any CPU.Build.0 = Release|Any CPU
		{55F9EE93-85BD-4D7A-B689-DA244176E175}.CD_ROM|Any CPU.ActiveCfg = Release|Any CPU
		{55F9EE93-85BD-4D7A-B689-DA244176E175}.CD_ROM|Any CPU.Build.0 = Release|Any CPU
		{55F9EE93-85BD-4D7A-B689-DA244176E175}.Debug|Any CPU.ActiveCfg = Debug|Any CPU
		{55F9EE93-85BD-4D7A-B689-DA244176E175}.Debug|Any CPU.Build.0 = Debug|Any CPU
		{55F9EE93-85BD-4D7A-B689-DA244176E175}.DVD-5|Any CPU.ActiveCfg = Debug|Any CPU
		{55F9EE93-85BD-4D7A-B689-DA244176E175}.DVD-5|Any CPU.Build.0 = Debug|Any CPU
		{55F9EE93-85BD-4D7A-B689-DA244176E175}.Release|Any CPU.ActiveCfg = Release|Any CPU
		{55F9EE93-85BD-4D7A-B689-DA244176E175}.Release|Any CPU.Build.0 = Release|Any CPU
		{55F9EE93-85BD-4D7A-B689-DA244176E175}.SingleImage|Any CPU.ActiveCfg = Release|Any CPU
		{55F9EE93-85BD-4D7A-B689-DA244176E175}.SingleImage|Any CPU.Build.0 = Release|Any CPU
		{03A35BE3-A0B0-488B-9126-88426033C5BB}.CD_ROM|Any CPU.ActiveCfg = Release|Any CPU
		{03A35BE3-A0B0-488B-9126-88426033C5BB}.CD_ROM|Any CPU.Build.0 = Release|Any CPU
		{03A35BE3-A0B0-488B-9126-88426033C5BB}.Debug|Any CPU.ActiveCfg = Debug|Any CPU
		{03A35BE3-A0B0-488B-9126-88426033C5BB}.Debug|Any CPU.Build.0 = Debug|Any CPU
		{03A35BE3-A0B0-488B-9126-88426033C5BB}.DVD-5|Any CPU.ActiveCfg = Debug|Any CPU
		{03A35BE3-A0B0-488B-9126-88426033C5BB}.DVD-5|Any CPU.Build.0 = Debug|Any CPU
		{03A35BE3-A0B0-488B-9126-88426033C5BB}.Release|Any CPU.ActiveCfg = Release|Any CPU
		{03A35BE3-A0B0-488B-9126-88426033C5BB}.Release|Any CPU.Build.0 = Release|Any CPU
		{03A35BE3-A0B0-488B-9126-88426033C5BB}.SingleImage|Any CPU.ActiveCfg = Release|Any CPU
		{03A35BE3-A0B0-488B-9126-88426033C5BB}.SingleImage|Any CPU.Build.0 = Release|Any CPU
		{88B86170-EC9F-4ACF-B96E-0F97C28F57BA}.CD_ROM|Any CPU.ActiveCfg = Release|Any CPU
		{88B86170-EC9F-4ACF-B96E-0F97C28F57BA}.CD_ROM|Any CPU.Build.0 = Release|Any CPU
		{88B86170-EC9F-4ACF-B96E-0F97C28F57BA}.Debug|Any CPU.ActiveCfg = Debug|Any CPU
		{88B86170-EC9F-4ACF-B96E-0F97C28F57BA}.Debug|Any CPU.Build.0 = Debug|Any CPU
		{88B86170-EC9F-4ACF-B96E-0F97C28F57BA}.DVD-5|Any CPU.ActiveCfg = Debug|Any CPU
		{88B86170-EC9F-4ACF-B96E-0F97C28F57BA}.DVD-5|Any CPU.Build.0 = Debug|Any CPU
		{88B86170-EC9F-4ACF-B96E-0F97C28F57BA}.Release|Any CPU.ActiveCfg = Release|Any CPU
		{88B86170-EC9F-4ACF-B96E-0F97C28F57BA}.Release|Any CPU.Build.0 = Release|Any CPU
		{88B86170-EC9F-4ACF-B96E-0F97C28F57BA}.SingleImage|Any CPU.ActiveCfg = Release|Any CPU
		{88B86170-EC9F-4ACF-B96E-0F97C28F57BA}.SingleImage|Any CPU.Build.0 = Release|Any CPU
		{19759668-2E1C-4A1F-9FAA-2A0EE1D47699}.CD_ROM|Any CPU.ActiveCfg = Debug|Any CPU
		{19759668-2E1C-4A1F-9FAA-2A0EE1D47699}.CD_ROM|Any CPU.Build.0 = Debug|Any CPU
		{19759668-2E1C-4A1F-9FAA-2A0EE1D47699}.CD_ROM|Any CPU.Deploy.0 = Debug|Any CPU
		{19759668-2E1C-4A1F-9FAA-2A0EE1D47699}.Debug|Any CPU.ActiveCfg = Debug|Any CPU
		{19759668-2E1C-4A1F-9FAA-2A0EE1D47699}.Debug|Any CPU.Build.0 = Debug|Any CPU
		{19759668-2E1C-4A1F-9FAA-2A0EE1D47699}.Debug|Any CPU.Deploy.0 = Debug|Any CPU
		{19759668-2E1C-4A1F-9FAA-2A0EE1D47699}.DVD-5|Any CPU.ActiveCfg = Debug|Any CPU
		{19759668-2E1C-4A1F-9FAA-2A0EE1D47699}.DVD-5|Any CPU.Build.0 = Debug|Any CPU
		{19759668-2E1C-4A1F-9FAA-2A0EE1D47699}.DVD-5|Any CPU.Deploy.0 = Debug|Any CPU
		{19759668-2E1C-4A1F-9FAA-2A0EE1D47699}.Release|Any CPU.ActiveCfg = Release|Any CPU
		{19759668-2E1C-4A1F-9FAA-2A0EE1D47699}.Release|Any CPU.Build.0 = Release|Any CPU
		{19759668-2E1C-4A1F-9FAA-2A0EE1D47699}.Release|Any CPU.Deploy.0 = Release|Any CPU
		{19759668-2E1C-4A1F-9FAA-2A0EE1D47699}.SingleImage|Any CPU.ActiveCfg = Debug|Any CPU
		{19759668-2E1C-4A1F-9FAA-2A0EE1D47699}.SingleImage|Any CPU.Build.0 = Debug|Any CPU
		{19759668-2E1C-4A1F-9FAA-2A0EE1D47699}.SingleImage|Any CPU.Deploy.0 = Debug|Any CPU
		{9E17AA13-7BEA-401C-8C16-CB3DF7FAB67A}.CD_ROM|Any CPU.ActiveCfg = Release|Any CPU
		{9E17AA13-7BEA-401C-8C16-CB3DF7FAB67A}.CD_ROM|Any CPU.Build.0 = Release|Any CPU
		{9E17AA13-7BEA-401C-8C16-CB3DF7FAB67A}.Debug|Any CPU.ActiveCfg = Debug|Any CPU
		{9E17AA13-7BEA-401C-8C16-CB3DF7FAB67A}.Debug|Any CPU.Build.0 = Debug|Any CPU
		{9E17AA13-7BEA-401C-8C16-CB3DF7FAB67A}.DVD-5|Any CPU.ActiveCfg = Debug|Any CPU
		{9E17AA13-7BEA-401C-8C16-CB3DF7FAB67A}.DVD-5|Any CPU.Build.0 = Debug|Any CPU
		{9E17AA13-7BEA-401C-8C16-CB3DF7FAB67A}.Release|Any CPU.ActiveCfg = Release|Any CPU
		{9E17AA13-7BEA-401C-8C16-CB3DF7FAB67A}.Release|Any CPU.Build.0 = Release|Any CPU
		{9E17AA13-7BEA-401C-8C16-CB3DF7FAB67A}.SingleImage|Any CPU.ActiveCfg = Release|Any CPU
		{9E17AA13-7BEA-401C-8C16-CB3DF7FAB67A}.SingleImage|Any CPU.Build.0 = Release|Any CPU
		{2EA7A158-BD18-4C57-8436-76BEB55CD04D}.CD_ROM|Any CPU.ActiveCfg = Release|Any CPU
		{2EA7A158-BD18-4C57-8436-76BEB55CD04D}.CD_ROM|Any CPU.Build.0 = Release|Any CPU
		{2EA7A158-BD18-4C57-8436-76BEB55CD04D}.Debug|Any CPU.ActiveCfg = Debug|Any CPU
		{2EA7A158-BD18-4C57-8436-76BEB55CD04D}.Debug|Any CPU.Build.0 = Debug|Any CPU
		{2EA7A158-BD18-4C57-8436-76BEB55CD04D}.DVD-5|Any CPU.ActiveCfg = Debug|Any CPU
		{2EA7A158-BD18-4C57-8436-76BEB55CD04D}.DVD-5|Any CPU.Build.0 = Debug|Any CPU
		{2EA7A158-BD18-4C57-8436-76BEB55CD04D}.Release|Any CPU.ActiveCfg = Release|Any CPU
		{2EA7A158-BD18-4C57-8436-76BEB55CD04D}.Release|Any CPU.Build.0 = Release|Any CPU
		{2EA7A158-BD18-4C57-8436-76BEB55CD04D}.SingleImage|Any CPU.ActiveCfg = Release|Any CPU
		{2EA7A158-BD18-4C57-8436-76BEB55CD04D}.SingleImage|Any CPU.Build.0 = Release|Any CPU
		{87195604-F420-4026-8B8B-3D4A8CD6B63D}.CD_ROM|Any CPU.ActiveCfg = Release|Any CPU
		{87195604-F420-4026-8B8B-3D4A8CD6B63D}.CD_ROM|Any CPU.Build.0 = Release|Any CPU
		{87195604-F420-4026-8B8B-3D4A8CD6B63D}.Debug|Any CPU.ActiveCfg = Debug|Any CPU
		{87195604-F420-4026-8B8B-3D4A8CD6B63D}.Debug|Any CPU.Build.0 = Debug|Any CPU
		{87195604-F420-4026-8B8B-3D4A8CD6B63D}.DVD-5|Any CPU.ActiveCfg = Debug|Any CPU
		{87195604-F420-4026-8B8B-3D4A8CD6B63D}.DVD-5|Any CPU.Build.0 = Debug|Any CPU
		{87195604-F420-4026-8B8B-3D4A8CD6B63D}.Release|Any CPU.ActiveCfg = Release|Any CPU
		{87195604-F420-4026-8B8B-3D4A8CD6B63D}.Release|Any CPU.Build.0 = Release|Any CPU
		{87195604-F420-4026-8B8B-3D4A8CD6B63D}.SingleImage|Any CPU.ActiveCfg = Release|Any CPU
		{87195604-F420-4026-8B8B-3D4A8CD6B63D}.SingleImage|Any CPU.Build.0 = Release|Any CPU
		{BB4733AE-D164-4CE5-AB7C-C5FC01319A03}.CD_ROM|Any CPU.ActiveCfg = Release|Any CPU
		{BB4733AE-D164-4CE5-AB7C-C5FC01319A03}.CD_ROM|Any CPU.Build.0 = Release|Any CPU
		{BB4733AE-D164-4CE5-AB7C-C5FC01319A03}.Debug|Any CPU.ActiveCfg = Debug|Any CPU
		{BB4733AE-D164-4CE5-AB7C-C5FC01319A03}.Debug|Any CPU.Build.0 = Debug|Any CPU
		{BB4733AE-D164-4CE5-AB7C-C5FC01319A03}.DVD-5|Any CPU.ActiveCfg = Debug|Any CPU
		{BB4733AE-D164-4CE5-AB7C-C5FC01319A03}.DVD-5|Any CPU.Build.0 = Debug|Any CPU
		{BB4733AE-D164-4CE5-AB7C-C5FC01319A03}.Release|Any CPU.ActiveCfg = Release|Any CPU
		{BB4733AE-D164-4CE5-AB7C-C5FC01319A03}.Release|Any CPU.Build.0 = Release|Any CPU
		{BB4733AE-D164-4CE5-AB7C-C5FC01319A03}.SingleImage|Any CPU.ActiveCfg = Release|Any CPU
		{BB4733AE-D164-4CE5-AB7C-C5FC01319A03}.SingleImage|Any CPU.Build.0 = Release|Any CPU
	EndGlobalSection
	GlobalSection(SolutionProperties) = preSolution
		HideSolutionNode = FALSE
	EndGlobalSection
EndGlobal
